
Microsoft Visual Studio Solution File, Format Version 12.00
# Visual Studio Version 17
VisualStudioVersion = 17.7.34009.444
MinimumVisualStudioVersion = 10.0.40219.1
Project("{FAE04EC0-301F-11D3-BF4B-00C04F79EFBC}") = "LoginPage", "LoginPage\LoginPage.csproj", "{168318E8-34AA-4E1E-9997-9E50EC291CAE}"
EndProject
Global
	GlobalSection(SolutionConfigurationPlatforms) = preSolution
		Debug|Any CPU = Debug|Any CPU
		Release|Any CPU = Release|Any CPU
	EndGlobalSection
	GlobalSection(ProjectConfigurationPlatforms) = postSolution
		{168318E8-34AA-4E1E-9997-9E50EC291CAE}.Debug|Any CPU.ActiveCfg = Debug|Any CPU
		{168318E8-34AA-4E1E-9997-9E50EC291CAE}.Debug|Any CPU.Build.0 = Debug|Any CPU
		{168318E8-34AA-4E1E-9997-9E50EC291CAE}.Release|Any CPU.ActiveCfg = Release|Any CPU
		{168318E8-34AA-4E1E-9997-9E50EC291CAE}.Release|Any CPU.Build.0 = Release|Any CPU
	EndGlobalSection
	GlobalSection(SolutionProperties) = preSolution
		HideSolutionNode = FALSE
	EndGlobalSection
	GlobalSection(ExtensibilityGlobals) = postSolution
		SolutionGuid = {FBF569E6-6A7B-4531-B644-641628471080}
	EndGlobalSection
EndGlobal
